Microsoft Visual Studio Solution File, Format Version 12.00
# Visual Studio Version 17
VisualStudioVersion = 17.5.2.0
MinimumVisualStudioVersion = 10.0.40219.1
Project("{FAE04EC0-301F-11D3-BF4B-00C04F79EFBC}") = "ThePlanetCrafterEquipmentExtend", "ThePlanetCrafterEquipmentExtend.csproj", "{36B5640E-615D-53C6-8112-3F0199FD3DC5}"
EndProject
Global
	GlobalSection(SolutionConfigurationPlatforms) = preSolution
		Debug|Any CPU = Debug|Any CPU
		Release|Any CPU = Release|Any CPU
	EndGlobalSection
	GlobalSection(ProjectConfigurationPlatforms) = postSolution
		{36B5640E-615D-53C6-8112-3F0199FD3DC5}.Debug|Any CPU.ActiveCfg = Debug|Any CPU
		{36B5640E-615D-53C6-8112-3F0199FD3DC5}.Debug|Any CPU.Build.0 = Debug|Any CPU
		{36B5640E-615D-53C6-8112-3F0199FD3DC5}.Release|Any CPU.ActiveCfg = Release|Any CPU
		{36B5640E-615D-53C6-8112-3F0199FD3DC5}.Release|Any CPU.Build.0 = Release|Any CPU
	EndGlobalSection
	GlobalSection(SolutionProperties) = preSolution
		HideSolutionNode = FALSE
	EndGlobalSection
	GlobalSection(ExtensibilityGlobals) = postSolution
		SolutionGuid = {F64A61AD-EE92-4839-A66E-791BCB047763}
	EndGlobalSection
EndGlobal
